
Microsoft Visual Studio Solution File, Format Version 12.00
# Visual Studio 15
VisualStudioVersion = 15.0.28010.2050
MinimumVisualStudioVersion = 10.0.40219.1
Project("{FAE04EC0-301F-11D3-BF4B-00C04F79EFBC}") = "Word Puzzle Core", "Word Puzzle Core\Word Puzzle Core.csproj", "{859F2E35-B48A-4BE2-AAD6-FAFECE3CDC2F}"
EndProject
Global
	GlobalSection(SolutionConfigurationPlatforms) = preSolution
		Debug|Any CPU = Debug|Any CPU
		Release|Any CPU = Release|Any CPU
	EndGlobalSection
	GlobalSection(ProjectConfigurationPlatforms) = postSolution
		{859F2E35-B48A-4BE2-AAD6-FAFECE3CDC2F}.Debug|Any CPU.ActiveCfg = Debug|Any CPU
		{859F2E35-B48A-4BE2-AAD6-FAFECE3CDC2F}.Debug|Any CPU.Build.0 = Debug|Any CPU
		{859F2E35-B48A-4BE2-AAD6-FAFECE3CDC2F}.Release|Any CPU.ActiveCfg = Release|Any CPU
		{859F2E35-B48A-4BE2-AAD6-FAFECE3CDC2F}.Release|Any CPU.Build.0 = Release|Any CPU
	EndGlobalSection
	GlobalSection(SolutionProperties) = preSolution
		HideSolutionNode = FALSE
	EndGlobalSection
	GlobalSection(ExtensibilityGlobals) = postSolution
		SolutionGuid = {B2B4E2D9-90FC-46C7-95A9-EF3C6A0B195F}
	EndGlobalSection
EndGlobal
